<Solution>
  <Folder Name="/src/">
    <Project Path="src/DocQuery.AppHost/DocQuery.AppHost.csproj" />
    <Project Path="src/DocQuery.ServiceDefaults/DocQuery.ServiceDefaults.csproj" />
  </Folder>
  <Folder Name="/src/backend/">
    <Project Path="src/backend/DocQuery.Application/DocQuery.Application.csproj" />
    <Project Path="src/backend/DocQuery.Command.Api/DocQuery.Command.Api.csproj" />
    <Project Path="src/backend/DocQuery.Contracts/DocQuery.Contracts.csproj" />
    <Project Path="src/backend/DocQuery.Domain/DocQuery.Domain.csproj" />
    <Project Path="src/backend/DocQuery.Infrastructure.Persistence/DocQuery.Infrastructure.Persistence.csproj" />
    <Project Path="src/backend/DocQuery.Infrastructure/DocQuery.Infrastructure.csproj" />
    <Project Path="src/backend/DocQuery.Workers.Chunking/DocQuery.Workers.Chunking.csproj" />
    <Project Path="src/backend/DocQuery.Workers.Embedding/DocQuery.Workers.Embedding.csproj" />
    <Project Path="src/backend/DocQuery.Workers.OutboxRelay/DocQuery.Workers.OutboxRelay.csproj" />
  </Folder>
  <Folder Name="/tests/" />
  <Folder Name="/tests/backend/">
    <Project Path="tests/backend/DocQuery.Application.Tests/DocQuery.Application.Tests.csproj" />
    <Project Path="tests/backend/DocQuery.Command.Api.Tests/DocQuery.Command.Api.Tests.csproj" />
    <Project Path="tests/backend/DocQuery.Domain.Tests/DocQuery.Domain.Tests.csproj" />
    <Project Path="tests/backend/DocQuery.Infrastructure.Persistence.Tests/DocQuery.Infrastructure.Persistence.Tests.csproj" />
    <Project Path="tests/backend/DocQuery.Infrastructure.Tests/DocQuery.Infrastructure.Tests.csproj" />
    <Project Path="tests/backend/DocQuery.Tests.Common/DocQuery.Tests.Common.csproj" />
    <Project Path="tests/backend/DocQuery.Workers.Chunking.Tests/DocQuery.Workers.Chunking.Tests.csproj" />
    <Project Path="tests/backend/DocQuery.Workers.Embedding.Tests/DocQuery.Workers.Embedding.Tests.csproj" />
    <Project Path="tests/backend/DocQuery.Workers.OutboxRelay.Tests/DocQuery.Workers.OutboxRelay.Tests.csproj" />
  </Folder>
</Solution>
